// !$*UTF8*$!
{
	archiveVersion = 1;
	classes = {
	};
	objectVersion = 77;
	objects = {

/* Begin PBXBuildFile section */
		98B980102FBB3D680070489A /* UserModelBasicView.swift in Sources */ = {isa = PBXBuildFile; fileRef = 98B9800F2FBB3D680070489A /* UserModelBasicView.swift */; };
		98B980112FBB3F800070489A /* UserModel.swift in Sources */ = {isa = PBXBuildFile; fileRef = 98B9800E2FBB3CC70070489A /* UserModel.swift */; };
		98B980132FBB3F9B0070489A /* FruitModel.swift in Sources */ = {isa = PBXBuildFile; fileRef = 98B980122FBB3F9B0070489A /* FruitModel.swift */; };
		98B980152FBB40200070489A /* FruitViewModel.swift in Sources */ = {isa = PBXBuildFile; fileRef = 98B980142FBB40200070489A /* FruitViewModel.swift */; };
		98B980172FBB41210070489A /* FruitBasicView.swift in Sources */ = {isa = PBXBuildFile; fileRef = 98B980162FBB41210070489A /* FruitBasicView.swift */; };
		98B980192FBB422C0070489A /* iOSDeviceModel.swift in Sources */ = {isa = PBXBuildFile; fileRef = 98B980182FBB42250070489A /* iOSDeviceModel.swift */; };
		98B9801B2FBB424B0070489A /* iOSDeviceViewModel.swift in Sources */ = {isa = PBXBuildFile; fileRef = 98B9801A2FBB42430070489A /* iOSDeviceViewModel.swift */; };
		98B9801F2FBB42930070489A /* IOSDeviceView3.swift in Sources */ = {isa = PBXBuildFile; fileRef = 98B9801E2FBB42930070489A /* IOSDeviceView3.swift */; };
		98B980202FBB42930070489A /* IOSDeviceView1.swift in Sources */ = {isa = PBXBuildFile; fileRef = 98B9801C2FBB42930070489A /* IOSDeviceView1.swift */; };
		98B980212FBB42930070489A /* IOSDeviceView2.swift in Sources */ = {isa = PBXBuildFile; fileRef = 98B9801D2FBB42930070489A /* IOSDeviceView2.swift */; };
/* End PBXBuildFile section */

/* Begin PBXFileReference section */
		98B97FF72FBB32C50070489A /* SwiftUIBasic.app */ = {isa = PBXFileReference; explicitFileType = wrapper.application; includeInIndex = 0; path = SwiftUIBasic.app; sourceTree = BUILT_PRODUCTS_DIR; };
		98B9800E2FBB3CC70070489A /* UserModel.swift */ = {isa = PBXFileReference; lastKnownFileType = sourcecode.swift; path = UserModel.swift; sourceTree = "<group>"; };
		98B9800F2FBB3D680070489A /* UserModelBasicView.swift */ = {isa = PBXFileReference; lastKnownFileType = sourcecode.swift; path = UserModelBasicView.swift; sourceTree = "<group>"; };
		98B980122FBB3F9B0070489A /* FruitModel.swift */ = {isa = PBXFileReference; lastKnownFileType = sourcecode.swift; path = FruitModel.swift; sourceTree = "<group>"; };
		98B980142FBB40200070489A /* FruitViewModel.swift */ = {isa = PBXFileReference; lastKnownFileType = sourcecode.swift; path = FruitViewModel.swift; sourceTree = "<group>"; };
		98B980162FBB41210070489A /* FruitBasicView.swift */ = {isa = PBXFileReference; lastKnownFileType = sourcecode.swift; path = FruitBasicView.swift; sourceTree = "<group>"; };
		98B980182FBB42250070489A /* iOSDeviceModel.swift */ = {isa = PBXFileReference; lastKnownFileType = sourcecode.swift; path = iOSDeviceModel.swift; sourceTree = "<group>"; };
		98B9801A2FBB42430070489A /* iOSDeviceViewModel.swift */ = {isa = PBXFileReference; lastKnownFileType = sourcecode.swift; path = iOSDeviceViewModel.swift; sourceTree = "<group>"; };
		98B9801C2FBB42930070489A /* IOSDeviceView1.swift */ = {isa = PBXFileReference; lastKnownFileType = sourcecode.swift; path = IOSDeviceView1.swift; sourceTree = "<group>"; };
		98B9801D2FBB42930070489A /* IOSDeviceView2.swift */ = {isa = PBXFileReference; lastKnownFileType = sourcecode.swift; path = IOSDeviceView2.swift; sourceTree = "<group>"; };
		98B9801E2FBB42930070489A /* IOSDeviceView3.swift */ = {isa = PBXFileReference; lastKnownFileType = sourcecode.swift; path = IOSDeviceView3.swift; sourceTree = "<group>"; };
/* End PBXFileReference section */

/* Begin PBXFileSystemSynchronizedRootGroup section */
		98B97FF92FBB32C50070489A /* SwiftUIBasic */ = {
			isa = PBXFileSystemSynchronizedRootGroup;
			path = SwiftUIBasic;
			sourceTree = "<group>";
		};
/* End PBXFileSystemSynchronizedRootGroup section */

/* Begin PBXFrameworksBuildPhase section */
		98B97FF42FBB32C50070489A /* Frameworks */ = {
			isa = PBXFrameworksBuildPhase;
			buildActionMask = 2147483647;
			files = (
			);
			runOnlyForDeploymentPostprocessing = 0;
		};
/* End PBXFrameworksBuildPhase section */

/* Begin PBXGroup section */
		98B97FEE2FBB32C50070489A = {
			isa = PBXGroup;
			children = (
				98B97FF92FBB32C50070489A /* SwiftUIBasic */,
				98B97FF82FBB32C50070489A /* Products */,
				98B9800A2FBB3A740070489A /* MVVM */,
			);
			sourceTree = "<group>";
		};
		98B97FF82FBB32C50070489A /* Products */ = {
			isa = PBXGroup;
			children = (
				98B97FF72FBB32C50070489A /* SwiftUIBasic.app */,
			);
			name = Products;
			sourceTree = "<group>";
		};
		98B9800A2FBB3A740070489A /* MVVM */ = {
			isa = PBXGroup;
			children = (
				98B9800D2FBB3A880070489A /* Model */,
				98B9800C2FBB3A820070489A /* ViewModel */,
				98B9800B2FBB3A7C0070489A /* View */,
			);
			path = MVVM;
			sourceTree = "<group>";
		};
		98B9800B2FBB3A7C0070489A /* View */ = {
			isa = PBXGroup;
			children = (
				98B9801C2FBB42930070489A /* IOSDeviceView1.swift */,
				98B9801D2FBB42930070489A /* IOSDeviceView2.swift */,
				98B9801E2FBB42930070489A /* IOSDeviceView3.swift */,
				98B9800F2FBB3D680070489A /* UserModelBasicView.swift */,
				98B980162FBB41210070489A /* FruitBasicView.swift */,
			);
			path = View;
			sourceTree = "<group>";
		};
		98B9800C2FBB3A820070489A /* ViewModel */ = {
			isa = PBXGroup;
			children = (
				98B9801A2FBB42430070489A /* iOSDeviceViewModel.swift */,
				98B980142FBB40200070489A /* FruitViewModel.swift */,
			);
			path = ViewModel;
			sourceTree = "<group>";
		};
		98B9800D2FBB3A880070489A /* Model */ = {
			isa = PBXGroup;
			children = (
				98B980182FBB42250070489A /* iOSDeviceModel.swift */,
				98B9800E2FBB3CC70070489A /* UserModel.swift */,
				98B980122FBB3F9B0070489A /* FruitModel.swift */,
			);
			path = Model;
			sourceTree = "<group>";
		};
/* End PBXGroup section */

/* Begin PBXNativeTarget section */
		98B97FF62FBB32C50070489A /* SwiftUIBasic */ = {
			isa = PBXNativeTarget;
			buildConfigurationList = 98B980022FBB32C50070489A /* Build configuration list for PBXNativeTarget "SwiftUIBasic" */;
			buildPhases = (
				98B97FF32FBB32C50070489A /* Sources */,
				98B97FF42FBB32C50070489A /* Frameworks */,
				98B97FF52FBB32C50070489A /* Resources */,
			);
			buildRules = (
			);
			dependencies = (
			);
			fileSystemSynchronizedGroups = (
				98B97FF92FBB32C50070489A /* SwiftUIBasic */,
			);
			name = SwiftUIBasic;
			packageProductDependencies = (
			);
			productName = SwiftUIBasic;
			productReference = 98B97FF72FBB32C50070489A /* SwiftUIBasic.app */;
			productType = "com.apple.product-type.application";
		};
/* End PBXNativeTarget section */

/* Begin PBXProject section */
		98B97FEF2FBB32C50070489A /* Project object */ = {
			isa = PBXProject;
			attributes = {
				BuildIndependentTargetsInParallel = 1;
				LastSwiftUpdateCheck = 2630;
				LastUpgradeCheck = 2630;
				TargetAttributes = {
					98B97FF62FBB32C50070489A = {
						CreatedOnToolsVersion = 26.3;
					};
				};
			};
			buildConfigurationList = 98B97FF22FBB32C50070489A /* Build configuration list for PBXProject "SwiftUIBasic" */;
			developmentRegion = en;
			hasScannedForEncodings = 0;
			knownRegions = (
				en,
				Base,
			);
			mainGroup = 98B97FEE2FBB32C50070489A;
			minimizedProjectReferenceProxies = 1;
			preferredProjectObjectVersion = 77;
			productRefGroup = 98B97FF82FBB32C50070489A /* Products */;
			projectDirPath = "";
			projectRoot = "";
			targets = (
				98B97FF62FBB32C50070489A /* SwiftUIBasic */,
			);
		};
/* End PBXProject section */

/* Begin PBXResourcesBuildPhase section */
		98B97FF52FBB32C50070489A /* Resources */ = {
			isa = PBXResourcesBuildPhase;
			buildActionMask = 2147483647;
			files = (
			);
			runOnlyForDeploymentPostprocessing = 0;
		};
/* End PBXResourcesBuildPhase section */

/* Begin PBXSourcesBuildPhase section */
		98B97FF32FBB32C50070489A /* Sources */ = {
			isa = PBXSourcesBuildPhase;
			buildActionMask = 2147483647;
			files = (
				98B980152FBB40200070489A /* FruitViewModel.swift in Sources */,
				98B980192FBB422C0070489A /* iOSDeviceModel.swift in Sources */,
				98B980132FBB3F9B0070489A /* FruitModel.swift in Sources */,
				98B980172FBB41210070489A /* FruitBasicView.swift in Sources */,
				98B980112FBB3F800070489A /* UserModel.swift in Sources */,
				98B9801F2FBB42930070489A /* IOSDeviceView3.swift in Sources */,
				98B980202FBB42930070489A /* IOSDeviceView1.swift in Sources */,
				98B980212FBB42930070489A /* IOSDeviceView2.swift in Sources */,
				98B980102FBB3D680070489A /* UserModelBasicView.swift in Sources */,
				98B9801B2FBB424B0070489A /* iOSDeviceViewModel.swift in Sources */,
			);
			runOnlyForDeploymentPostprocessing = 0;
		};
/* End PBXSourcesBuildPhase section */

/* Begin XCBuildConfiguration section */
		98B980002FBB32C50070489A /* Debug */ = {
			isa = XCBuildConfiguration;
			buildSettings = {
				ALWAYS_SEARCH_USER_PATHS = NO;
				ASSETCATALOG_COMPILER_GENERATE_SWIFT_ASSET_SYMBOL_EXTENSIONS = YES;
				CLANG_ANALYZER_NONNULL = YES;
				CLANG_ANALYZER_NUMBER_OBJECT_CONVERSION = YES_AGGRESSIVE;
				CLANG_CXX_LANGUAGE_STANDARD = "gnu++20";
				CLANG_ENABLE_MODULES = YES;
				CLANG_ENABLE_OBJC_ARC = YES;
				CLANG_ENABLE_OBJC_WEAK = YES;
				CLANG_WARN_BLOCK_CAPTURE_AUTORELEASING = YES;
				CLANG_WARN_BOOL_CONVERSION = YES;
				CLANG_WARN_COMMA = YES;
				CLANG_WARN_CONSTANT_CONVERSION = YES;
				CLANG_WARN_DEPRECATED_OBJC_IMPLEMENTATIONS = YES;
				CLANG_WARN_DIRECT_OBJC_ISA_USAGE = YES_ERROR;
				CLANG_WARN_DOCUMENTATION_COMMENTS = YES;
				CLANG_WARN_EMPTY_BODY = YES;
				CLANG_WARN_ENUM_CONVERSION = YES;
				CLANG_WARN_INFINITE_RECURSION = YES;
				CLANG_WARN_INT_CONVERSION = YES;
				CLANG_WARN_NON_LITERAL_NULL_CONVERSION = YES;
				CLANG_WARN_OBJC_IMPLICIT_RETAIN_SELF = YES;
				CLANG_WARN_OBJC_LITERAL_CONVERSION = YES;
				CLANG_WARN_OBJC_ROOT_CLASS = YES_ERROR;
				CLANG_WARN_QUOTED_INCLUDE_IN_FRAMEWORK_HEADER = YES;
				CLANG_WARN_RANGE_LOOP_ANALYSIS = YES;
				CLANG_WARN_STRICT_PROTOTYPES = YES;
				CLANG_WARN_SUSPICIOUS_MOVE = YES;
				CLANG_WARN_UNGUARDED_AVAILABILITY = YES_AGGRESSIVE;
				CLANG_WARN_UNREACHABLE_CODE = YES;
				CLANG_WARN__DUPLICATE_METHOD_MATCH = YES;
				COPY_PHASE_STRIP = NO;
				DEBUG_INFORMATION_FORMAT = dwarf;
				ENABLE_STRICT_OBJC_MSGSEND = YES;
				ENABLE_TESTABILITY = YES;
				ENABLE_USER_SCRIPT_SANDBOXING = YES;
				GCC_C_LANGUAGE_STANDARD = gnu17;
				GCC_DYNAMIC_NO_PIC = NO;
				GCC_NO_COMMON_BLOCKS = YES;
				GCC_OPTIMIZATION_LEVEL = 0;
				GCC_PREPROCESSOR_DEFINITIONS = (
					"DEBUG=1",
					"$(inherited)",
				);
				GCC_WARN_64_TO_32_BIT_CONVERSION = YES;
				GCC_WARN_ABOUT_RETURN_TYPE = YES_ERROR;
				GCC_WARN_UNDECLARED_SELECTOR = YES;
				GCC_WARN_UNINITIALIZED_AUTOS = YES_AGGRESSIVE;
				GCC_WARN_UNUSED_FUNCTION = YES;
				GCC_WARN_UNUSED_VARIABLE = YES;
				IPHONEOS_DEPLOYMENT_TARGET = 26.2;
				LOCALIZATION_PREFERS_STRING_CATALOGS = YES;
				MTL_ENABLE_DEBUG_INFO = INCLUDE_SOURCE;
				MTL_FAST_MATH = YES;
				ONLY_ACTIVE_ARCH = YES;
				SDKROOT = iphoneos;
				SWIFT_ACTIVE_COMPILATION_CONDITIONS = "DEBUG $(inherited)";
				SWIFT_OPTIMIZATION_LEVEL = "-Onone";
			};
			name = Debug;
		};
		98B980012FBB32C50070489A /* Release */ = {
			isa = XCBuildConfiguration;
			buildSettings = {
				ALWAYS_SEARCH_USER_PATHS = NO;
				ASSETCATALOG_COMPILER_GENERATE_SWIFT_ASSET_SYMBOL_EXTENSIONS = YES;
				CLANG_ANALYZER_NONNULL = YES;
				CLANG_ANALYZER_NUMBER_OBJECT_CONVERSION = YES_AGGRESSIVE;
				CLANG_CXX_LANGUAGE_STANDARD = "gnu++20";
				CLANG_ENABLE_MODULES = YES;
				CLANG_ENABLE_OBJC_ARC = YES;
				CLANG_ENABLE_OBJC_WEAK = YES;
				CLANG_WARN_BLOCK_CAPTURE_AUTORELEASING = YES;
				CLANG_WARN_BOOL_CONVERSION = YES;
				CLANG_WARN_COMMA = YES;
				CLANG_WARN_CONSTANT_CONVERSION = YES;
				CLANG_WARN_DEPRECATED_OBJC_IMPLEMENTATIONS = YES;
				CLANG_WARN_DIRECT_OBJC_ISA_USAGE = YES_ERROR;
				CLANG_WARN_DOCUMENTATION_COMMENTS = YES;
				CLANG_WARN_EMPTY_BODY = YES;
				CLANG_WARN_ENUM_CONVERSION = YES;
				CLANG_WARN_INFINITE_RECURSION = YES;
				CLANG_WARN_INT_CONVERSION = YES;
				CLANG_WARN_NON_LITERAL_NULL_CONVERSION = YES;
				CLANG_WARN_OBJC_IMPLICIT_RETAIN_SELF = YES;
				CLANG_WARN_OBJC_LITERAL_CONVERSION = YES;
				CLANG_WARN_OBJC_ROOT_CLASS = YES_ERROR;
				CLANG_WARN_QUOTED_INCLUDE_IN_FRAMEWORK_HEADER = YES;
				CLANG_WARN_RANGE_LOOP_ANALYSIS = YES;
				CLANG_WARN_STRICT_PROTOTYPES = YES;
				CLANG_WARN_SUSPICIOUS_MOVE = YES;
				CLANG_WARN_UNGUARDED_AVAILABILITY = YES_AGGRESSIVE;
				CLANG_WARN_UNREACHABLE_CODE = YES;
				CLANG_WARN__DUPLICATE_METHOD_MATCH = YES;
				COPY_PHASE_STRIP = NO;
				DEBUG_INFORMATION_FORMAT = "dwarf-with-dsym";
				ENABLE_NS_ASSERTIONS = NO;
				ENABLE_STRICT_OBJC_MSGSEND = YES;
				ENABLE_USER_SCRIPT_SANDBOXING = YES;
				GCC_C_LANGUAGE_STANDARD = gnu17;
				GCC_NO_COMMON_BLOCKS = YES;
				GCC_WARN_64_TO_32_BIT_CONVERSION = YES;
				GCC_WARN_ABOUT_RETURN_TYPE = YES_ERROR;
				GCC_WARN_UNDECLARED_SELECTOR = YES;
				GCC_WARN_UNINITIALIZED_AUTOS = YES_AGGRESSIVE;
				GCC_WARN_UNUSED_FUNCTION = YES;
				GCC_WARN_UNUSED_VARIABLE = YES;
				IPHONEOS_DEPLOYMENT_TARGET = 26.2;
				LOCALIZATION_PREFERS_STRING_CATALOGS = YES;
				MTL_ENABLE_DEBUG_INFO = NO;
				MTL_FAST_MATH = YES;
				SDKROOT = iphoneos;
				SWIFT_COMPILATION_MODE = wholemodule;
				VALIDATE_PRODUCT = YES;
			};
			name = Release;
		};
		98B980032FBB32C50070489A /* Debug */ = {
			isa = XCBuildConfiguration;
			buildSettings = {
				ASSETCATALOG_COMPILER_APPICON_NAME = AppIcon;
				ASSETCATALOG_COMPILER_GLOBAL_ACCENT_COLOR_NAME = AccentColor;
				CODE_SIGN_STYLE = Automatic;
				CURRENT_PROJECT_VERSION = 1;
				ENABLE_PREVIEWS = YES;
				GENERATE_INFOPLIST_FILE = YES;
				INFOPLIST_KEY_UIApplicationSceneManifest_Generation = YES;
				INFOPLIST_KEY_UIApplicationSupportsIndirectInputEvents = YES;
				INFOPLIST_KEY_UILaunchScreen_Generation = YES;
				INFOPLIST_KEY_UISupportedInterfaceOrientations_iPad = "UIInterfaceOrientationPortrait UIInterfaceOrientationPortraitUpsideDown UIInterfaceOrientationLandscapeLeft UIInterfaceOrientationLandscapeRight";
				INFOPLIST_KEY_UISupportedInterfaceOrientations_iPhone = "UIInterfaceOrientationPortrait UIInterfaceOrientationLandscapeLeft UIInterfaceOrientationLandscapeRight";
				LD_RUNPATH_SEARCH_PATHS = (
					"$(inherited)",
					"@executable_path/Frameworks",
				);
				MARKETING_VERSION = 1.0;
				PRODUCT_BUNDLE_IDENTIFIER = com.chaeah.SwiftUIBasic;
				PRODUCT_NAME = "$(TARGET_NAME)";
				STRING_CATALOG_GENERATE_SYMBOLS = YES;
				SWIFT_APPROACHABLE_CONCURRENCY = YES;
				SWIFT_DEFAULT_ACTOR_ISOLATION = MainActor;
				SWIFT_EMIT_LOC_STRINGS = YES;
				SWIFT_UPCOMING_FEATURE_MEMBER_IMPORT_VISIBILITY = YES;
				SWIFT_VERSION = 5.0;
				TARGETED_DEVICE_FAMILY = "1,2";
			};
			name = Debug;
		};
		98B980042FBB32C50070489A /* Release */ = {
			isa = XCBuildConfiguration;
			buildSettings = {
				ASSETCATALOG_COMPILER_APPICON_NAME = AppIcon;
				ASSETCATALOG_COMPILER_GLOBAL_ACCENT_COLOR_NAME = AccentColor;
				CODE_SIGN_STYLE = Automatic;
				CURRENT_PROJECT_VERSION = 1;
				ENABLE_PREVIEWS = YES;
				GENERATE_INFOPLIST_FILE = YES;
				INFOPLIST_KEY_UIApplicationSceneManifest_Generation = YES;
				INFOPLIST_KEY_UIApplicationSupportsIndirectInputEvents = YES;
				INFOPLIST_KEY_UILaunchScreen_Generation = YES;
				INFOPLIST_KEY_UISupportedInterfaceOrientations_iPad = "UIInterfaceOrientationPortrait UIInterfaceOrientationPortraitUpsideDown UIInterfaceOrientationLandscapeLeft UIInterfaceOrientationLandscapeRight";
				INFOPLIST_KEY_UISupportedInterfaceOrientations_iPhone = "UIInterfaceOrientationPortrait UIInterfaceOrientationLandscapeLeft UIInterfaceOrientationLandscapeRight";
				LD_RUNPATH_SEARCH_PATHS = (
					"$(inherited)",
					"@executable_path/Frameworks",
				);
				MARKETING_VERSION = 1.0;
				PRODUCT_BUNDLE_IDENTIFIER = com.chaeah.SwiftUIBasic;
				PRODUCT_NAME = "$(TARGET_NAME)";
				STRING_CATALOG_GENERATE_SYMBOLS = YES;
				SWIFT_APPROACHABLE_CONCURRENCY = YES;
				SWIFT_DEFAULT_ACTOR_ISOLATION = MainActor;
				SWIFT_EMIT_LOC_STRINGS = YES;
				SWIFT_UPCOMING_FEATURE_MEMBER_IMPORT_VISIBILITY = YES;
				SWIFT_VERSION = 5.0;
				TARGETED_DEVICE_FAMILY = "1,2";
			};
			name = Release;
		};
/* End XCBuildConfiguration section */

/* Begin XCConfigurationList section */
		98B97FF22FBB32C50070489A /* Build configuration list for PBXProject "SwiftUIBasic" */ = {
			isa = XCConfigurationList;
			buildConfigurations = (
				98B980002FBB32C50070489A /* Debug */,
				98B980012FBB32C50070489A /* Release */,
			);
			defaultConfigurationIsVisible = 0;
			defaultConfigurationName = Release;
		};
		98B980022FBB32C50070489A /* Build configuration list for PBXNativeTarget "SwiftUIBasic" */ = {
			isa = XCConfigurationList;
			buildConfigurations = (
				98B980032FBB32C50070489A /* Debug */,
				98B980042FBB32C50070489A /* Release */,
			);
			defaultConfigurationIsVisible = 0;
			defaultConfigurationName = Release;
		};
/* End XCConfigurationList section */
	};
	rootObject = 98B97FEF2FBB32C50070489A /* Project object */;
}
